
Microsoft Visual Studio Solution File, Format Version 12.00
# Visual Studio Version 17
VisualStudioVersion = 17.7.34031.279
MinimumVisualStudioVersion = 10.0.40219.1
Project("{FAE04EC0-301F-11D3-BF4B-00C04F79EFBC}") = "structss", "structss\structss.csproj", "{8B84E9FA-FCEF-4436-AB51-DB2B01D2BA2A}"
EndProject
Global
	GlobalSection(SolutionConfigurationPlatforms) = preSolution
		Debug|Any CPU = Debug|Any CPU
		Release|Any CPU = Release|Any CPU
	EndGlobalSection
	GlobalSection(ProjectConfigurationPlatforms) = postSolution
		{8B84E9FA-FCEF-4436-AB51-DB2B01D2BA2A}.Debug|Any CPU.ActiveCfg = Debug|Any CPU
		{8B84E9FA-FCEF-4436-AB51-DB2B01D2BA2A}.Debug|Any CPU.Build.0 = Debug|Any CPU
		{8B84E9FA-FCEF-4436-AB51-DB2B01D2BA2A}.Release|Any CPU.ActiveCfg = Release|Any CPU
		{8B84E9FA-FCEF-4436-AB51-DB2B01D2BA2A}.Release|Any CPU.Build.0 = Release|Any CPU
	EndGlobalSection
	GlobalSection(SolutionProperties) = preSolution
		HideSolutionNode = FALSE
	EndGlobalSection
	GlobalSection(ExtensibilityGlobals) = postSolution
		SolutionGuid = {4754859C-D671-4CC6-BC36-805B2BCA8D44}
	EndGlobalSection
EndGlobal
