
Microsoft Visual Studio Solution File, Format Version 12.00
# Visual Studio Version 17
VisualStudioVersion = 17.7.34031.279
MinimumVisualStudioVersion = 10.0.40219.1
Project("{FAE04EC0-301F-11D3-BF4B-00C04F79EFBC}") = "systemMethods", "systemMethods\systemMethods.csproj", "{7D45DCB9-7613-4BD3-B2E7-187D8C8EFCB0}"
EndProject
Global
	GlobalSection(SolutionConfigurationPlatforms) = preSolution
		Debug|Any CPU = Debug|Any CPU
		Release|Any CPU = Release|Any CPU
	EndGlobalSection
	GlobalSection(ProjectConfigurationPlatforms) = postSolution
		{7D45DCB9-7613-4BD3-B2E7-187D8C8EFCB0}.Debug|Any CPU.ActiveCfg = Debug|Any CPU
		{7D45DCB9-7613-4BD3-B2E7-187D8C8EFCB0}.Debug|Any CPU.Build.0 = Debug|Any CPU
		{7D45DCB9-7613-4BD3-B2E7-187D8C8EFCB0}.Release|Any CPU.ActiveCfg = Release|Any CPU
		{7D45DCB9-7613-4BD3-B2E7-187D8C8EFCB0}.Release|Any CPU.Build.0 = Release|Any CPU
	EndGlobalSection
	GlobalSection(SolutionProperties) = preSolution
		HideSolutionNode = FALSE
	EndGlobalSection
	GlobalSection(ExtensibilityGlobals) = postSolution
		SolutionGuid = {E81525C5-DB0A-4F66-B82F-7A280D73D794}
	EndGlobalSection
EndGlobal
