
Microsoft Visual Studio Solution File, Format Version 12.00
# Visual Studio Version 17
VisualStudioVersion = 17.7.34031.279
MinimumVisualStudioVersion = 10.0.40219.1
Project("{FAE04EC0-301F-11D3-BF4B-00C04F79EFBC}") = "stringClasses3", "stringClasses3\stringClasses3.csproj", "{97E6EAD2-B044-476F-9104-631904622B80}"
EndProject
Global
	GlobalSection(SolutionConfigurationPlatforms) = preSolution
		Debug|Any CPU = Debug|Any CPU
		Release|Any CPU = Release|Any CPU
	EndGlobalSection
	GlobalSection(ProjectConfigurationPlatforms) = postSolution
		{97E6EAD2-B044-476F-9104-631904622B80}.Debug|Any CPU.ActiveCfg = Debug|Any CPU
		{97E6EAD2-B044-476F-9104-631904622B80}.Debug|Any CPU.Build.0 = Debug|Any CPU
		{97E6EAD2-B044-476F-9104-631904622B80}.Release|Any CPU.ActiveCfg = Release|Any CPU
		{97E6EAD2-B044-476F-9104-631904622B80}.Release|Any CPU.Build.0 = Release|Any CPU
	EndGlobalSection
	GlobalSection(SolutionProperties) = preSolution
		HideSolutionNode = FALSE
	EndGlobalSection
	GlobalSection(ExtensibilityGlobals) = postSolution
		SolutionGuid = {D19450DC-4A89-45D6-BC4F-736702C098C6}
	EndGlobalSection
EndGlobal
