
Microsoft Visual Studio Solution File, Format Version 12.00
# Visual Studio Version 17
VisualStudioVersion = 17.7.34031.279
MinimumVisualStudioVersion = 10.0.40219.1
Project("{FAE04EC0-301F-11D3-BF4B-00C04F79EFBC}") = "SayirlarlaIslemler", "SayirlarlaIslemler\SayirlarlaIslemler.csproj", "{83F6D007-19F8-46FD-AAF1-3BE7EA11AA48}"
EndProject
Global
	GlobalSection(SolutionConfigurationPlatforms) = preSolution
		Debug|Any CPU = Debug|Any CPU
		Release|Any CPU = Release|Any CPU
	EndGlobalSection
	GlobalSection(ProjectConfigurationPlatforms) = postSolution
		{83F6D007-19F8-46FD-AAF1-3BE7EA11AA48}.Debug|Any CPU.ActiveCfg = Debug|Any CPU
		{83F6D007-19F8-46FD-AAF1-3BE7EA11AA48}.Debug|Any CPU.Build.0 = Debug|Any CPU
		{83F6D007-19F8-46FD-AAF1-3BE7EA11AA48}.Release|Any CPU.ActiveCfg = Release|Any CPU
		{83F6D007-19F8-46FD-AAF1-3BE7EA11AA48}.Release|Any CPU.Build.0 = Release|Any CPU
	EndGlobalSection
	GlobalSection(SolutionProperties) = preSolution
		HideSolutionNode = FALSE
	EndGlobalSection
	GlobalSection(ExtensibilityGlobals) = postSolution
		SolutionGuid = {65C9889B-6AFA-4E18-8313-D248EC620D2F}
	EndGlobalSection
EndGlobal
