
Microsoft Visual Studio Solution File, Format Version 12.00
# Visual Studio Version 17
VisualStudioVersion = 17.7.34031.279
MinimumVisualStudioVersion = 10.0.40219.1
Project("{FAE04EC0-301F-11D3-BF4B-00C04F79EFBC}") = "stringClasses2", "stringClasses2\stringClasses2.csproj", "{462EBD53-C90B-4819-A535-C87D61303EF8}"
EndProject
Global
	GlobalSection(SolutionConfigurationPlatforms) = preSolution
		Debug|Any CPU = Debug|Any CPU
		Release|Any CPU = Release|Any CPU
	EndGlobalSection
	GlobalSection(ProjectConfigurationPlatforms) = postSolution
		{462EBD53-C90B-4819-A535-C87D61303EF8}.Debug|Any CPU.ActiveCfg = Debug|Any CPU
		{462EBD53-C90B-4819-A535-C87D61303EF8}.Debug|Any CPU.Build.0 = Debug|Any CPU
		{462EBD53-C90B-4819-A535-C87D61303EF8}.Release|Any CPU.ActiveCfg = Release|Any CPU
		{462EBD53-C90B-4819-A535-C87D61303EF8}.Release|Any CPU.Build.0 = Release|Any CPU
	EndGlobalSection
	GlobalSection(SolutionProperties) = preSolution
		HideSolutionNode = FALSE
	EndGlobalSection
	GlobalSection(ExtensibilityGlobals) = postSolution
		SolutionGuid = {5CE32F25-340A-4A0B-98B5-12262069F668}
	EndGlobalSection
EndGlobal
