
Microsoft Visual Studio Solution File, Format Version 12.00
# Visual Studio Version 17
VisualStudioVersion = 17.7.34031.279
MinimumVisualStudioVersion = 10.0.40219.1
Project("{FAE04EC0-301F-11D3-BF4B-00C04F79EFBC}") = "stringclasses", "stringclasses\stringclasses.csproj", "{860408B8-B985-41A8-9A14-88DF807DA26D}"
EndProject
Global
	GlobalSection(SolutionConfigurationPlatforms) = preSolution
		Debug|Any CPU = Debug|Any CPU
		Release|Any CPU = Release|Any CPU
	EndGlobalSection
	GlobalSection(ProjectConfigurationPlatforms) = postSolution
		{860408B8-B985-41A8-9A14-88DF807DA26D}.Debug|Any CPU.ActiveCfg = Debug|Any CPU
		{860408B8-B985-41A8-9A14-88DF807DA26D}.Debug|Any CPU.Build.0 = Debug|Any CPU
		{860408B8-B985-41A8-9A14-88DF807DA26D}.Release|Any CPU.ActiveCfg = Release|Any CPU
		{860408B8-B985-41A8-9A14-88DF807DA26D}.Release|Any CPU.Build.0 = Release|Any CPU
	EndGlobalSection
	GlobalSection(SolutionProperties) = preSolution
		HideSolutionNode = FALSE
	EndGlobalSection
	GlobalSection(ExtensibilityGlobals) = postSolution
		SolutionGuid = {6D94E3FE-3DFF-49E8-9AA1-3FE214A176EE}
	EndGlobalSection
EndGlobal
